
Microsoft Visual Studio Solution File, Format Version 12.00
# Visual Studio Version 17
VisualStudioVersion = 17.11.35312.102
MinimumVisualStudioVersion = 10.0.40219.1
Project("{2150E333-8FDC-42A3-9474-1A3956D46DE8}") = "src", "src", "{378441FB-8A11-4BE0-B0FE-E701B6F25924}"
EndProject
Project("{2150E333-8FDC-42A3-9474-1A3956D46DE8}") = "test", "test", "{BFA22F75-85BA-4BD3-A27C-4C8596CB2605}"
EndProject
Project("{2150E333-8FDC-42A3-9474-1A3956D46DE8}") = "Tests", "Tests", "{1EC168E8-A8A6-45B4-B332-DB704922C36A}"
EndProject
Project("{2150E333-8FDC-42A3-9474-1A3956D46DE8}") = "Api", "Api", "{D8A25416-586D-4A1E-A639-A546B5A5F08B}"
EndProject
Project("{2150E333-8FDC-42A3-9474-1A3956D46DE8}") = "Application", "Application", "{39C4754C-7D34-4B89-BCEF-965C126DABC7}"
EndProject
Project("{2150E333-8FDC-42A3-9474-1A3956D46DE8}") = "Infrastructure", "Infrastructure", "{CA3E033C-436B-4667-AA75-68E02E3292C7}"
EndProject
Project("{2150E333-8FDC-42A3-9474-1A3956D46DE8}") = "Domain", "Domain", "{439946A5-9AB9-4855-BC90-B39FFBEB9F92}"
EndProject
Project("{2150E333-8FDC-42A3-9474-1A3956D46DE8}") = "Utilities", "Utilities", "{E474CDAF-29CD-455A-B2E6-A451041A541C}"
EndProject
Project("{9A19103F-16F7-4668-BE54-9A1E7A4F7556}") = "backend.Domain", "backend.Domain\backend.Domain.csproj", "{458DBDEA-A055-400C-8B5F-1DDAD88E0932}"
EndProject
Project("{9A19103F-16F7-4668-BE54-9A1E7A4F7556}") = "backend.Application", "backend.Application\backend.Application.csproj", "{0C322433-D5A9-42AA-8D49-082B8FF88704}"
EndProject
Project("{9A19103F-16F7-4668-BE54-9A1E7A4F7556}") = "backend.Utilities", "backend.Utilities\backend.Utilities.csproj", "{08DF6567-9975-4A79-9852-B56E53A6D4A0}"
EndProject
Project("{9A19103F-16F7-4668-BE54-9A1E7A4F7556}") = "backend.Infrastructure", "backend.Infrastructure\backend.Infrastructure.csproj", "{B2F59803-9265-4EDC-9D22-87CA11338174}"
EndProject
Project("{9A19103F-16F7-4668-BE54-9A1E7A4F7556}") = "backend.Api", "backend.Api\backend.Api.csproj", "{2638A174-BDC9-495D-B8FE-FF38256A06C8}"
EndProject
Project("{9A19103F-16F7-4668-BE54-9A1E7A4F7556}") = "backend.Tests", "backend.Tests\backend.Tests.csproj", "{8373833E-11ED-462F-87CF-D7C61B6417EF}"
EndProject
Project("{E53339B2-1760-4266-BCC7-CA923CBCF16C}") = "docker-compose", "docker-compose.dcproj", "{8D2AA8A6-F9BD-4E20-92A9-2850D515C2BA}"
EndProject
Global
	GlobalSection(SolutionConfigurationPlatforms) = preSolution
		Debug|Any CPU = Debug|Any CPU
		Release|Any CPU = Release|Any CPU
	EndGlobalSection
	GlobalSection(ProjectConfigurationPlatforms) = postSolution
		{458DBDEA-A055-400C-8B5F-1DDAD88E0932}.Debug|Any CPU.ActiveCfg = Debug|Any CPU
		{458DBDEA-A055-400C-8B5F-1DDAD88E0932}.Debug|Any CPU.Build.0 = Debug|Any CPU
		{458DBDEA-A055-400C-8B5F-1DDAD88E0932}.Release|Any CPU.ActiveCfg = Release|Any CPU
		{458DBDEA-A055-400C-8B5F-1DDAD88E0932}.Release|Any CPU.Build.0 = Release|Any CPU
		{0C322433-D5A9-42AA-8D49-082B8FF88704}.Debug|Any CPU.ActiveCfg = Debug|Any CPU
		{0C322433-D5A9-42AA-8D49-082B8FF88704}.Debug|Any CPU.Build.0 = Debug|Any CPU
		{0C322433-D5A9-42AA-8D49-082B8FF88704}.Release|Any CPU.ActiveCfg = Release|Any CPU
		{0C322433-D5A9-42AA-8D49-082B8FF88704}.Release|Any CPU.Build.0 = Release|Any CPU
		{08DF6567-9975-4A79-9852-B56E53A6D4A0}.Debug|Any CPU.ActiveCfg = Debug|Any CPU
		{08DF6567-9975-4A79-9852-B56E53A6D4A0}.Debug|Any CPU.Build.0 = Debug|Any CPU
		{08DF6567-9975-4A79-9852-B56E53A6D4A0}.Release|Any CPU.ActiveCfg = Release|Any CPU
		{08DF6567-9975-4A79-9852-B56E53A6D4A0}.Release|Any CPU.Build.0 = Release|Any CPU
		{B2F59803-9265-4EDC-9D22-87CA11338174}.Debug|Any CPU.ActiveCfg = Debug|Any CPU
		{B2F59803-9265-4EDC-9D22-87CA11338174}.Debug|Any CPU.Build.0 = Debug|Any CPU
		{B2F59803-9265-4EDC-9D22-87CA11338174}.Release|Any CPU.ActiveCfg = Release|Any CPU
		{B2F59803-9265-4EDC-9D22-87CA11338174}.Release|Any CPU.Build.0 = Release|Any CPU
		{2638A174-BDC9-495D-B8FE-FF38256A06C8}.Debug|Any CPU.ActiveCfg = Debug|Any CPU
		{2638A174-BDC9-495D-B8FE-FF38256A06C8}.Debug|Any CPU.Build.0 = Debug|Any CPU
		{2638A174-BDC9-495D-B8FE-FF38256A06C8}.Release|Any CPU.ActiveCfg = Release|Any CPU
		{2638A174-BDC9-495D-B8FE-FF38256A06C8}.Release|Any CPU.Build.0 = Release|Any CPU
		{8373833E-11ED-462F-87CF-D7C61B6417EF}.Debug|Any CPU.ActiveCfg = Debug|Any CPU
		{8373833E-11ED-462F-87CF-D7C61B6417EF}.Debug|Any CPU.Build.0 = Debug|Any CPU
		{8373833E-11ED-462F-87CF-D7C61B6417EF}.Release|Any CPU.ActiveCfg = Release|Any CPU
		{8373833E-11ED-462F-87CF-D7C61B6417EF}.Release|Any CPU.Build.0 = Release|Any CPU
		{8D2AA8A6-F9BD-4E20-92A9-2850D515C2BA}.Debug|Any CPU.ActiveCfg = Debug|Any CPU
		{8D2AA8A6-F9BD-4E20-92A9-2850D515C2BA}.Debug|Any CPU.Build.0 = Debug|Any CPU
		{8D2AA8A6-F9BD-4E20-92A9-2850D515C2BA}.Release|Any CPU.ActiveCfg = Release|Any CPU
		{8D2AA8A6-F9BD-4E20-92A9-2850D515C2BA}.Release|Any CPU.Build.0 = Release|Any CPU
	EndGlobalSection
	GlobalSection(SolutionProperties) = preSolution
		HideSolutionNode = FALSE
	EndGlobalSection
	GlobalSection(NestedProjects) = preSolution
		{1EC168E8-A8A6-45B4-B332-DB704922C36A} = {BFA22F75-85BA-4BD3-A27C-4C8596CB2605}
		{D8A25416-586D-4A1E-A639-A546B5A5F08B} = {378441FB-8A11-4BE0-B0FE-E701B6F25924}
		{39C4754C-7D34-4B89-BCEF-965C126DABC7} = {378441FB-8A11-4BE0-B0FE-E701B6F25924}
		{CA3E033C-436B-4667-AA75-68E02E3292C7} = {378441FB-8A11-4BE0-B0FE-E701B6F25924}
		{439946A5-9AB9-4855-BC90-B39FFBEB9F92} = {378441FB-8A11-4BE0-B0FE-E701B6F25924}
		{E474CDAF-29CD-455A-B2E6-A451041A541C} = {378441FB-8A11-4BE0-B0FE-E701B6F25924}
		{458DBDEA-A055-400C-8B5F-1DDAD88E0932} = {439946A5-9AB9-4855-BC90-B39FFBEB9F92}
		{0C322433-D5A9-42AA-8D49-082B8FF88704} = {39C4754C-7D34-4B89-BCEF-965C126DABC7}
		{08DF6567-9975-4A79-9852-B56E53A6D4A0} = {E474CDAF-29CD-455A-B2E6-A451041A541C}
		{B2F59803-9265-4EDC-9D22-87CA11338174} = {CA3E033C-436B-4667-AA75-68E02E3292C7}
		{2638A174-BDC9-495D-B8FE-FF38256A06C8} = {D8A25416-586D-4A1E-A639-A546B5A5F08B}
		{8373833E-11ED-462F-87CF-D7C61B6417EF} = {1EC168E8-A8A6-45B4-B332-DB704922C36A}
	EndGlobalSection
	GlobalSection(ExtensibilityGlobals) = postSolution
		SolutionGuid = {D48FAFC1-AD02-48CE-9A5B-7FA9C735BB39}
	EndGlobalSection
EndGlobal
