
Microsoft Visual Studio Solution File, Format Version 12.00
# Visual Studio Version 17
VisualStudioVersion = 17.11.35312.102
MinimumVisualStudioVersion = 10.0.40219.1
Project("{2150E333-8FDC-42A3-9474-1A3956D46DE8}") = "src", "src", "{E5A40910-50A3-411C-9ADE-6C7DF4882C37}"
EndProject
Project("{2150E333-8FDC-42A3-9474-1A3956D46DE8}") = "test", "test", "{81743D59-FE78-4F05-8DDC-84D072A222D5}"
EndProject
Project("{2150E333-8FDC-42A3-9474-1A3956D46DE8}") = "Api", "Api", "{ED2194FB-D1BA-4ADB-991F-B5ECFC797073}"
EndProject
Project("{2150E333-8FDC-42A3-9474-1A3956D46DE8}") = "Application", "Application", "{0CE13FC7-F610-42EC-BA68-1EE48CB1F7FD}"
EndProject
Project("{2150E333-8FDC-42A3-9474-1A3956D46DE8}") = "Infrastructure", "Infrastructure", "{7E109F68-1B53-4C3B-A82E-8125D9256C79}"
EndProject
Project("{2150E333-8FDC-42A3-9474-1A3956D46DE8}") = "Domain", "Domain", "{5B3F9615-BBBF-4915-BFF7-6B4FC1BDBB52}"
EndProject
Project("{2150E333-8FDC-42A3-9474-1A3956D46DE8}") = "Utilities", "Utilities", "{0B155BC0-41F5-43B0-9688-90F21935E40E}"
EndProject
Project("{2150E333-8FDC-42A3-9474-1A3956D46DE8}") = "Tests", "Tests", "{82B16BFC-12C0-48B9-B20A-0A8B4DA12EBC}"
EndProject
Project("{FAE04EC0-301F-11D3-BF4B-00C04F79EFBC}") = "backend.Domain", "backend.Domain\backend.Domain.csproj", "{FF4BDF94-FBB6-490E-931A-C32D8E63C6AC}"
EndProject
Project("{FAE04EC0-301F-11D3-BF4B-00C04F79EFBC}") = "backend.Infrastructure", "backend.Infrastructure\backend.Infrastructure.csproj", "{6622569B-CD04-445F-BDC8-39A79A8E9389}"
EndProject
Project("{FAE04EC0-301F-11D3-BF4B-00C04F79EFBC}") = "backend.Utilities", "backend.Utilities\backend.Utilities.csproj", "{D6E2A7BB-08CF-4376-8717-E052734CFFAB}"
EndProject
Project("{FAE04EC0-301F-11D3-BF4B-00C04F79EFBC}") = "backend.Application", "backend.Application\backend.Application.csproj", "{7F070964-8A10-4D82-8D65-D477550F65D6}"
EndProject
Project("{FAE04EC0-301F-11D3-BF4B-00C04F79EFBC}") = "backend.Api", "backend.Api\backend.Api.csproj", "{4CF2589A-0AA0-46AC-ACEB-767367F3C8AB}"
EndProject
Global
	GlobalSection(SolutionConfigurationPlatforms) = preSolution
		Debug|Any CPU = Debug|Any CPU
		Release|Any CPU = Release|Any CPU
	EndGlobalSection
	GlobalSection(ProjectConfigurationPlatforms) = postSolution
		{FF4BDF94-FBB6-490E-931A-C32D8E63C6AC}.Debug|Any CPU.ActiveCfg = Debug|Any CPU
		{FF4BDF94-FBB6-490E-931A-C32D8E63C6AC}.Debug|Any CPU.Build.0 = Debug|Any CPU
		{FF4BDF94-FBB6-490E-931A-C32D8E63C6AC}.Release|Any CPU.ActiveCfg = Release|Any CPU
		{FF4BDF94-FBB6-490E-931A-C32D8E63C6AC}.Release|Any CPU.Build.0 = Release|Any CPU
		{6622569B-CD04-445F-BDC8-39A79A8E9389}.Debug|Any CPU.ActiveCfg = Debug|Any CPU
		{6622569B-CD04-445F-BDC8-39A79A8E9389}.Debug|Any CPU.Build.0 = Debug|Any CPU
		{6622569B-CD04-445F-BDC8-39A79A8E9389}.Release|Any CPU.ActiveCfg = Release|Any CPU
		{6622569B-CD04-445F-BDC8-39A79A8E9389}.Release|Any CPU.Build.0 = Release|Any CPU
		{D6E2A7BB-08CF-4376-8717-E052734CFFAB}.Debug|Any CPU.ActiveCfg = Debug|Any CPU
		{D6E2A7BB-08CF-4376-8717-E052734CFFAB}.Debug|Any CPU.Build.0 = Debug|Any CPU
		{D6E2A7BB-08CF-4376-8717-E052734CFFAB}.Release|Any CPU.ActiveCfg = Release|Any CPU
		{D6E2A7BB-08CF-4376-8717-E052734CFFAB}.Release|Any CPU.Build.0 = Release|Any CPU
		{7F070964-8A10-4D82-8D65-D477550F65D6}.Debug|Any CPU.ActiveCfg = Debug|Any CPU
		{7F070964-8A10-4D82-8D65-D477550F65D6}.Debug|Any CPU.Build.0 = Debug|Any CPU
		{7F070964-8A10-4D82-8D65-D477550F65D6}.Release|Any CPU.ActiveCfg = Release|Any CPU
		{7F070964-8A10-4D82-8D65-D477550F65D6}.Release|Any CPU.Build.0 = Release|Any CPU
		{4CF2589A-0AA0-46AC-ACEB-767367F3C8AB}.Debug|Any CPU.ActiveCfg = Debug|Any CPU
		{4CF2589A-0AA0-46AC-ACEB-767367F3C8AB}.Debug|Any CPU.Build.0 = Debug|Any CPU
		{4CF2589A-0AA0-46AC-ACEB-767367F3C8AB}.Release|Any CPU.ActiveCfg = Release|Any CPU
		{4CF2589A-0AA0-46AC-ACEB-767367F3C8AB}.Release|Any CPU.Build.0 = Release|Any CPU
	EndGlobalSection
	GlobalSection(SolutionProperties) = preSolution
		HideSolutionNode = FALSE
	EndGlobalSection
	GlobalSection(NestedProjects) = preSolution
		{ED2194FB-D1BA-4ADB-991F-B5ECFC797073} = {E5A40910-50A3-411C-9ADE-6C7DF4882C37}
		{0CE13FC7-F610-42EC-BA68-1EE48CB1F7FD} = {E5A40910-50A3-411C-9ADE-6C7DF4882C37}
		{7E109F68-1B53-4C3B-A82E-8125D9256C79} = {E5A40910-50A3-411C-9ADE-6C7DF4882C37}
		{5B3F9615-BBBF-4915-BFF7-6B4FC1BDBB52} = {E5A40910-50A3-411C-9ADE-6C7DF4882C37}
		{0B155BC0-41F5-43B0-9688-90F21935E40E} = {E5A40910-50A3-411C-9ADE-6C7DF4882C37}
		{82B16BFC-12C0-48B9-B20A-0A8B4DA12EBC} = {81743D59-FE78-4F05-8DDC-84D072A222D5}
		{FF4BDF94-FBB6-490E-931A-C32D8E63C6AC} = {5B3F9615-BBBF-4915-BFF7-6B4FC1BDBB52}
		{6622569B-CD04-445F-BDC8-39A79A8E9389} = {7E109F68-1B53-4C3B-A82E-8125D9256C79}
		{D6E2A7BB-08CF-4376-8717-E052734CFFAB} = {0B155BC0-41F5-43B0-9688-90F21935E40E}
		{7F070964-8A10-4D82-8D65-D477550F65D6} = {0CE13FC7-F610-42EC-BA68-1EE48CB1F7FD}
		{4CF2589A-0AA0-46AC-ACEB-767367F3C8AB} = {ED2194FB-D1BA-4ADB-991F-B5ECFC797073}
	EndGlobalSection
	GlobalSection(ExtensibilityGlobals) = postSolution
		SolutionGuid = {27A31EE6-5ED0-4D21-9337-CFAE53A39CBE}
	EndGlobalSection
EndGlobal
